
Microsoft Visual Studio Solution File, Format Version 12.00
# Visual Studio Version 17
VisualStudioVersion = 17.4.33110.190
MinimumVisualStudioVersion = 10.0.40219.1
Project("{FAE04EC0-301F-11D3-BF4B-00C04F79EFBC}") = "Tsarst.CollectionViewSimple.Android", "Tsarst.CollectionViewSimple\Tsarst.CollectionViewSimple.Android\Tsarst.CollectionViewSimple.Android.csproj", "{13CFB5A4-5BE5-49B2-93BC-3CE2E7821C95}"
EndProject
Project("{FAE04EC0-301F-11D3-BF4B-00C04F79EFBC}") = "Tsarst.CollectionViewSimple", "Tsarst.CollectionViewSimple\Tsarst.CollectionViewSimple\Tsarst.CollectionViewSimple.csproj", "{4DDA7B5A-0FA4-4F1D-AEA4-210D0B3AC294}"
EndProject
Global
	GlobalSection(SolutionConfigurationPlatforms) = preSolution
		Debug|Any CPU = Debug|Any CPU
		Release|Any CPU = Release|Any CPU
	EndGlobalSection
	GlobalSection(ProjectConfigurationPlatforms) = postSolution
		{13CFB5A4-5BE5-49B2-93BC-3CE2E7821C95}.Debug|Any CPU.ActiveCfg = Debug|Any CPU
		{13CFB5A4-5BE5-49B2-93BC-3CE2E7821C95}.Debug|Any CPU.Build.0 = Debug|Any CPU
		{13CFB5A4-5BE5-49B2-93BC-3CE2E7821C95}.Debug|Any CPU.Deploy.0 = Debug|Any CPU
		{13CFB5A4-5BE5-49B2-93BC-3CE2E7821C95}.Release|Any CPU.ActiveCfg = Release|Any CPU
		{13CFB5A4-5BE5-49B2-93BC-3CE2E7821C95}.Release|Any CPU.Build.0 = Release|Any CPU
		{13CFB5A4-5BE5-49B2-93BC-3CE2E7821C95}.Release|Any CPU.Deploy.0 = Release|Any CPU
		{4DDA7B5A-0FA4-4F1D-AEA4-210D0B3AC294}.Debug|Any CPU.ActiveCfg = Debug|Any CPU
		{4DDA7B5A-0FA4-4F1D-AEA4-210D0B3AC294}.Debug|Any CPU.Build.0 = Debug|Any CPU
		{4DDA7B5A-0FA4-4F1D-AEA4-210D0B3AC294}.Debug|Any CPU.Deploy.0 = Debug|Any CPU
		{4DDA7B5A-0FA4-4F1D-AEA4-210D0B3AC294}.Release|Any CPU.ActiveCfg = Release|Any CPU
		{4DDA7B5A-0FA4-4F1D-AEA4-210D0B3AC294}.Release|Any CPU.Build.0 = Release|Any CPU
		{4DDA7B5A-0FA4-4F1D-AEA4-210D0B3AC294}.Release|Any CPU.Deploy.0 = Release|Any CPU
	EndGlobalSection
	GlobalSection(SolutionProperties) = preSolution
		HideSolutionNode = FALSE
	EndGlobalSection
	GlobalSection(ExtensibilityGlobals) = postSolution
		SolutionGuid = {900E48F2-2842-4869-9A28-334C3CA3153B}
	EndGlobalSection
EndGlobal
